
Microsoft Visual Studio Solution File, Format Version 12.00
# Visual Studio Version 17
VisualStudioVersion = 17.9.34728.123
MinimumVisualStudioVersion = 10.0.40219.1
Project("{FAE04EC0-301F-11D3-BF4B-00C04F79EFBC}") = "Assignment4.1.2", "Assignment4.1.2.csproj", "{1A601F47-D418-4438-B8A9-8A49BD48920F}"
EndProject
Global
	GlobalSection(SolutionConfigurationPlatforms) = preSolution
		Debug|Any CPU = Debug|Any CPU
		Release|Any CPU = Release|Any CPU
	EndGlobalSection
	GlobalSection(ProjectConfigurationPlatforms) = postSolution
		{1A601F47-D418-4438-B8A9-8A49BD48920F}.Debug|Any CPU.ActiveCfg = Debug|Any CPU
		{1A601F47-D418-4438-B8A9-8A49BD48920F}.Debug|Any CPU.Build.0 = Debug|Any CPU
		{1A601F47-D418-4438-B8A9-8A49BD48920F}.Release|Any CPU.ActiveCfg = Release|Any CPU
		{1A601F47-D418-4438-B8A9-8A49BD48920F}.Release|Any CPU.Build.0 = Release|Any CPU
	EndGlobalSection
	GlobalSection(SolutionProperties) = preSolution
		HideSolutionNode = FALSE
	EndGlobalSection
	GlobalSection(ExtensibilityGlobals) = postSolution
		SolutionGuid = {62CF3677-9DF8-4942-B8F0-387029E45016}
	EndGlobalSection
EndGlobal
